
Microsoft Visual Studio Solution File, Format Version 12.00
# Visual Studio Version 17
VisualStudioVersion = 17.13.35931.197 d17.13
MinimumVisualStudioVersion = 10.0.40219.1
Project("{FAE04EC0-301F-11D3-BF4B-00C04F79EFBC}") = "Tabuada", "Tabuada.csproj", "{93A28C9E-66EC-4D58-99B2-9A7EA92EBC37}"
EndProject
Global
	GlobalSection(SolutionConfigurationPlatforms) = preSolution
		Debug|Any CPU = Debug|Any CPU
		Release|Any CPU = Release|Any CPU
	EndGlobalSection
	GlobalSection(ProjectConfigurationPlatforms) = postSolution
		{93A28C9E-66EC-4D58-99B2-9A7EA92EBC37}.Debug|Any CPU.ActiveCfg = Debug|Any CPU
		{93A28C9E-66EC-4D58-99B2-9A7EA92EBC37}.Debug|Any CPU.Build.0 = Debug|Any CPU
		{93A28C9E-66EC-4D58-99B2-9A7EA92EBC37}.Release|Any CPU.ActiveCfg = Release|Any CPU
		{93A28C9E-66EC-4D58-99B2-9A7EA92EBC37}.Release|Any CPU.Build.0 = Release|Any CPU
	EndGlobalSection
	GlobalSection(SolutionProperties) = preSolution
		HideSolutionNode = FALSE
	EndGlobalSection
	GlobalSection(ExtensibilityGlobals) = postSolution
		SolutionGuid = {1DBC6BC1-839A-41E6-A380-A81036ADC052}
	EndGlobalSection
EndGlobal
